
Microsoft Visual Studio Solution File, Format Version 12.00
# Visual Studio Version 17
VisualStudioVersion = 17.13.35825.156 d17.13
MinimumVisualStudioVersion = 10.0.40219.1
Project("{FAE04EC0-301F-11D3-BF4B-00C04F79EFBC}") = "Contellect Task", "Contellect Task\Contellect Task.csproj", "{363AA238-65A4-4E1C-B79E-16D162403C98}"
EndProject
Global
	GlobalSection(SolutionConfigurationPlatforms) = preSolution
		Debug|Any CPU = Debug|Any CPU
		Release|Any CPU = Release|Any CPU
	EndGlobalSection
	GlobalSection(ProjectConfigurationPlatforms) = postSolution
		{363AA238-65A4-4E1C-B79E-16D162403C98}.Debug|Any CPU.ActiveCfg = Debug|Any CPU
		{363AA238-65A4-4E1C-B79E-16D162403C98}.Debug|Any CPU.Build.0 = Debug|Any CPU
		{363AA238-65A4-4E1C-B79E-16D162403C98}.Release|Any CPU.ActiveCfg = Release|Any CPU
		{363AA238-65A4-4E1C-B79E-16D162403C98}.Release|Any CPU.Build.0 = Release|Any CPU
	EndGlobalSection
	GlobalSection(SolutionProperties) = preSolution
		HideSolutionNode = FALSE
	EndGlobalSection
	GlobalSection(ExtensibilityGlobals) = postSolution
		SolutionGuid = {8711E6C1-4516-4F67-9B9C-2D6900D0C5A4}
	EndGlobalSection
EndGlobal
